
Microsoft Visual Studio Solution File, Format Version 12.00
# Visual Studio 14
VisualStudioVersion = 14.0.25420.1
MinimumVisualStudioVersion = 10.0.40219.1
Project("{FAE04EC0-301F-11D3-BF4B-00C04F79EFBC}") = "BerkTuner", "BerkTuner\BerkTuner.csproj", "{A948855B-DCB8-4880-A677-062B0F01F4CB}"
EndProject
Project("{2150E333-8FDC-42A3-9474-1A3956D46DE8}") = "Solution Items", "Solution Items", "{75FB7D8A-5912-4C23-B331-FC3F231EAD5C}"
	ProjectSection(SolutionItems) = preProject
		.tfignore = .tfignore
	EndProjectSection
EndProject
Global
	GlobalSection(SolutionConfigurationPlatforms) = preSolution
		Debug|Any CPU = Debug|Any CPU
		Release|Any CPU = Release|Any CPU
	EndGlobalSection
	GlobalSection(ProjectConfigurationPlatforms) = postSolution
		{A948855B-DCB8-4880-A677-062B0F01F4CB}.Debug|Any CPU.ActiveCfg = Debug|Any CPU
		{A948855B-DCB8-4880-A677-062B0F01F4CB}.Debug|Any CPU.Build.0 = Debug|Any CPU
		{A948855B-DCB8-4880-A677-062B0F01F4CB}.Release|Any CPU.ActiveCfg = Release|Any CPU
		{A948855B-DCB8-4880-A677-062B0F01F4CB}.Release|Any CPU.Build.0 = Release|Any CPU
	EndGlobalSection
	GlobalSection(SolutionProperties) = preSolution
		HideSolutionNode = FALSE
	EndGlobalSection
	GlobalSection(TeamFoundationVersionControl) = preSolution
		SccNumberOfProjects = 2
		SccEnterpriseProvider = {4CA58AB2-18FA-4F8D-95D4-32DDF27D184C}
		SccTeamFoundationServer = https://berkarslan.visualstudio.com/defaultcollection
		SccLocalPath0 = .
		SccProjectUniqueName1 = BerkTuner\\BerkTuner.csproj
		SccProjectName1 = BerkTuner
		SccLocalPath1 = BerkTuner
	EndGlobalSection
EndGlobal
